
Microsoft Visual Studio Solution File, Format Version 12.00
# Visual Studio 15
VisualStudioVersion = 15.0.28307.438
MinimumVisualStudioVersion = 10.0.40219.1
Project("{FAE04EC0-301F-11D3-BF4B-00C04F79EFBC}") = "BillsPaymentSystem.App", "BillsPaymentSystem.App\BillsPaymentSystem.App.csproj", "{DB443EE9-BCC6-49C1-B24D-B1143D55206F}"
EndProject
Project("{FAE04EC0-301F-11D3-BF4B-00C04F79EFBC}") = "BillsPaymentSystem.Data", "BillsPaymentSystem.Data\BillsPaymentSystem.Data.csproj", "{8EE1D92B-230D-43E3-A394-8126BC4A1EC2}"
EndProject
Project("{FAE04EC0-301F-11D3-BF4B-00C04F79EFBC}") = "BillsPaymentSystem.Models", "BillsPaymentSystem.Models\BillsPaymentSystem.Models.csproj", "{C79E6180-4F5E-49F6-8509-AA3E40ECEBEB}"
EndProject
Global
	GlobalSection(SolutionConfigurationPlatforms) = preSolution
		Debug|Any CPU = Debug|Any CPU
		Release|Any CPU = Release|Any CPU
	EndGlobalSection
	GlobalSection(ProjectConfigurationPlatforms) = postSolution
		{DB443EE9-BCC6-49C1-B24D-B1143D55206F}.Debug|Any CPU.ActiveCfg = Debug|Any CPU
		{DB443EE9-BCC6-49C1-B24D-B1143D55206F}.Debug|Any CPU.Build.0 = Debug|Any CPU
		{DB443EE9-BCC6-49C1-B24D-B1143D55206F}.Release|Any CPU.ActiveCfg = Release|Any CPU
		{DB443EE9-BCC6-49C1-B24D-B1143D55206F}.Release|Any CPU.Build.0 = Release|Any CPU
		{8EE1D92B-230D-43E3-A394-8126BC4A1EC2}.Debug|Any CPU.ActiveCfg = Debug|Any CPU
		{8EE1D92B-230D-43E3-A394-8126BC4A1EC2}.Debug|Any CPU.Build.0 = Debug|Any CPU
		{8EE1D92B-230D-43E3-A394-8126BC4A1EC2}.Release|Any CPU.ActiveCfg = Release|Any CPU
		{8EE1D92B-230D-43E3-A394-8126BC4A1EC2}.Release|Any CPU.Build.0 = Release|Any CPU
		{C79E6180-4F5E-49F6-8509-AA3E40ECEBEB}.Debug|Any CPU.ActiveCfg = Debug|Any CPU
		{C79E6180-4F5E-49F6-8509-AA3E40ECEBEB}.Debug|Any CPU.Build.0 = Debug|Any CPU
		{C79E6180-4F5E-49F6-8509-AA3E40ECEBEB}.Release|Any CPU.ActiveCfg = Release|Any CPU
		{C79E6180-4F5E-49F6-8509-AA3E40ECEBEB}.Release|Any CPU.Build.0 = Release|Any CPU
	EndGlobalSection
	GlobalSection(SolutionProperties) = preSolution
		HideSolutionNode = FALSE
	EndGlobalSection
	GlobalSection(ExtensibilityGlobals) = postSolution
		SolutionGuid = {1D9AB813-26E5-4B44-8AE2-91054F50959B}
	EndGlobalSection
EndGlobal
